
Microsoft Visual Studio Solution File, Format Version 12.00
# Visual Studio Version 17
VisualStudioVersion = 17.14.36401.2 d17.14
MinimumVisualStudioVersion = 10.0.40219.1
Project("{FAE04EC0-301F-11D3-BF4B-00C04F79EFBC}") = "SistemaEmpleados", "SistemaEmpleados\SistemaEmpleados.csproj", "{AD4A9673-91DC-47E2-B0AF-6541077017AA}"
EndProject
Global
	GlobalSection(SolutionConfigurationPlatforms) = preSolution
		Debug|Any CPU = Debug|Any CPU
		Release|Any CPU = Release|Any CPU
	EndGlobalSection
	GlobalSection(ProjectConfigurationPlatforms) = postSolution
		{AD4A9673-91DC-47E2-B0AF-6541077017AA}.Debug|Any CPU.ActiveCfg = Debug|Any CPU
		{AD4A9673-91DC-47E2-B0AF-6541077017AA}.Debug|Any CPU.Build.0 = Debug|Any CPU
		{AD4A9673-91DC-47E2-B0AF-6541077017AA}.Release|Any CPU.ActiveCfg = Release|Any CPU
		{AD4A9673-91DC-47E2-B0AF-6541077017AA}.Release|Any CPU.Build.0 = Release|Any CPU
	EndGlobalSection
	GlobalSection(SolutionProperties) = preSolution
		HideSolutionNode = FALSE
	EndGlobalSection
	GlobalSection(ExtensibilityGlobals) = postSolution
		SolutionGuid = {37F781DD-8F5C-44FD-BB64-36C533518ACE}
	EndGlobalSection
EndGlobal
